
Microsoft Visual Studio Solution File, Format Version 12.00
# Visual Studio Version 17
VisualStudioVersion = 17.10.34928.147
MinimumVisualStudioVersion = 10.0.40219.1
Project("{FAE04EC0-301F-11D3-BF4B-00C04F79EFBC}") = "ExamDeix", "ExamDeix\ExamDeix.csproj", "{2D1BB5FA-3F93-42F8-9D7E-3C448A21E362}"
EndProject
Global
	GlobalSection(SolutionConfigurationPlatforms) = preSolution
		Debug|Any CPU = Debug|Any CPU
		Release|Any CPU = Release|Any CPU
	EndGlobalSection
	GlobalSection(ProjectConfigurationPlatforms) = postSolution
		{2D1BB5FA-3F93-42F8-9D7E-3C448A21E362}.Debug|Any CPU.ActiveCfg = Debug|Any CPU
		{2D1BB5FA-3F93-42F8-9D7E-3C448A21E362}.Debug|Any CPU.Build.0 = Debug|Any CPU
		{2D1BB5FA-3F93-42F8-9D7E-3C448A21E362}.Release|Any CPU.ActiveCfg = Release|Any CPU
		{2D1BB5FA-3F93-42F8-9D7E-3C448A21E362}.Release|Any CPU.Build.0 = Release|Any CPU
	EndGlobalSection
	GlobalSection(SolutionProperties) = preSolution
		HideSolutionNode = FALSE
	EndGlobalSection
	GlobalSection(ExtensibilityGlobals) = postSolution
		SolutionGuid = {7D7DE369-1455-419C-AB53-111E3E2F9CD7}
	EndGlobalSection
EndGlobal
